
Microsoft Visual Studio Solution File, Format Version 12.00
# Visual Studio 15
VisualStudioVersion = 15.0.28307.271
MinimumVisualStudioVersion = 10.0.40219.1
Project("{2150E333-8FDC-42A3-9474-1A3956D46DE8}") = "Services", "Services", "{222030CB-76AD-4A71-BD74-7AF96A390CC8}"
EndProject
Project("{2150E333-8FDC-42A3-9474-1A3956D46DE8}") = "Benefits", "Benefits", "{B60815B6-D5B9-4173-A57C-E6D12D5D5E10}"
EndProject
Project("{2150E333-8FDC-42A3-9474-1A3956D46DE8}") = "Members", "Members", "{E32CB6BE-4AC7-496A-AC74-C318712B385A}"
EndProject
Project("{2150E333-8FDC-42A3-9474-1A3956D46DE8}") = "BuildingBlocks", "BuildingBlocks", "{A5240082-5877-4F74-A1FB-96E4FA0B3174}"
EndProject
Project("{9A19103F-16F7-4668-BE54-9A1E7A4F7556}") = "WebHost.Customization", "BuildingBlocks\WebHost.Customization\WebHost.Customization.csproj", "{A0419523-9D49-4756-8F36-8E6836F1DC95}"
EndProject
Project("{2150E333-8FDC-42A3-9474-1A3956D46DE8}") = "Shared", "Shared", "{AD9A17D1-426F-48D2-9C6C-3AE5ECAD3AA2}"
EndProject
Project("{9A19103F-16F7-4668-BE54-9A1E7A4F7556}") = "Shared.Domain", "Services\Shared\Shared.Domain\Shared.Domain.csproj", "{AC33433E-68D0-46C9-8F73-7A6FC180DD32}"
EndProject
Project("{2150E333-8FDC-42A3-9474-1A3956D46DE8}") = "Providers", "Providers", "{4263E677-ECBF-49D3-B436-05F9001E2BD0}"
EndProject
Project("{9A19103F-16F7-4668-BE54-9A1E7A4F7556}") = "Providers.Api", "Services\Providers\Providers.Api\Providers.Api.csproj", "{91B99618-5454-4AEA-84A0-5FB40A0C5267}"
EndProject
Project("{9A19103F-16F7-4668-BE54-9A1E7A4F7556}") = "Providers.Domain", "Services\Providers\Providers.Domain\Providers.Domain.csproj", "{841F8DB6-3D9D-47E6-9D55-360C614C64D1}"
EndProject
Project("{9A19103F-16F7-4668-BE54-9A1E7A4F7556}") = "Providers.Infrastructure", "Services\Providers\Providers.Infrastructure\Providers.Infrastructure.csproj", "{853E7BB9-3F87-47CB-B38F-20240481EF45}"
EndProject
Project("{2150E333-8FDC-42A3-9474-1A3956D46DE8}") = "Payers", "Payers", "{1DAC0B94-7E2F-46F3-A5D2-4D8797A4B725}"
EndProject
Project("{9A19103F-16F7-4668-BE54-9A1E7A4F7556}") = "Payers.Domain", "Services\Payers\Payers.Domain\Payers.Domain.csproj", "{534298B0-7795-4077-8F9E-0E8121743264}"
EndProject
Project("{9A19103F-16F7-4668-BE54-9A1E7A4F7556}") = "Payers.Infrastructure", "Services\Payers\Payers.Infrastructure\Payers.Infrastructure.csproj", "{B3D4E4EC-EA63-4227-B488-F68CE1C21AF0}"
EndProject
Project("{9A19103F-16F7-4668-BE54-9A1E7A4F7556}") = "Payers.Domain.Tests", "Services\Payers\Payers.Domain.Tests\Payers.Domain.Tests.csproj", "{D798BFEA-EB99-4BA5-B8AC-06292B6F1893}"
EndProject
Project("{9A19103F-16F7-4668-BE54-9A1E7A4F7556}") = "Payers.Infrastructure.Tests", "Services\Payers\Payers.Infrastructure.Tests\Payers.Infrastructure.Tests.csproj", "{C9C6D4F8-4B0A-4EED-A7B5-4864F14FE7B3}"
EndProject
Project("{9A19103F-16F7-4668-BE54-9A1E7A4F7556}") = "Payers.Api.Tests", "Services\Payers\Payers.Api.Tests\Payers.Api.Tests.csproj", "{4F9E80D3-5EFB-4993-A5F4-518C129CEF49}"
EndProject
Project("{9A19103F-16F7-4668-BE54-9A1E7A4F7556}") = "Providers.Domain.Tests", "Services\Providers\Providers.Domain.Tests\Providers.Domain.Tests.csproj", "{DC39589F-934D-42FB-8F37-36A7210CF5FB}"
EndProject
Project("{9A19103F-16F7-4668-BE54-9A1E7A4F7556}") = "Providers.Infrastructure.Tests", "Services\Providers\Providers.Infrastructure.Tests\Providers.Infrastructure.Tests.csproj", "{F6F814B5-17D7-4FB8-A9A2-0EAB4DDE53BD}"
EndProject
Project("{9A19103F-16F7-4668-BE54-9A1E7A4F7556}") = "Members.Domain", "Services\Members\Members.Domain\Members.Domain.csproj", "{4A98C0E9-6196-4392-BA57-E30E96B18251}"
EndProject
Project("{9A19103F-16F7-4668-BE54-9A1E7A4F7556}") = "Members.Infrastructure", "Services\Members\Members.Infrastructure\Members.Infrastructure.csproj", "{C06AEBC9-851F-4AC7-A0F0-CE886E6BF25D}"
EndProject
Project("{9A19103F-16F7-4668-BE54-9A1E7A4F7556}") = "Members.Api", "Services\Members\Members.Api\Members.Api.csproj", "{EE6ABD42-C846-4F2F-9412-FA3E1F85836B}"
EndProject
Project("{9A19103F-16F7-4668-BE54-9A1E7A4F7556}") = "Members.Domain.Tests", "Services\Members\Members.Domain.Tests\Members.Domain.Tests.csproj", "{9C04E287-9E6E-4B88-8AAB-10A57A84752A}"
EndProject
Project("{9A19103F-16F7-4668-BE54-9A1E7A4F7556}") = "Members.Infrastructure.Tests", "Services\Members\Members.Infrastructure.Tests\Members.Infrastructure.Tests.csproj", "{10733C1A-18EE-4135-AF57-E40D90F8C202}"
EndProject
Project("{9A19103F-16F7-4668-BE54-9A1E7A4F7556}") = "Payers.Api", "Services\Payers\Payers.Api\Payers.Api.csproj", "{24C872FD-C48B-4D68-82A0-0A1DBF89381B}"
EndProject
Project("{9A19103F-16F7-4668-BE54-9A1E7A4F7556}") = "Benefits.Domain.Tests", "Services\Benefits\Benefits.Domain.Tests\Benefits.Domain.Tests.csproj", "{0B7DC45C-B270-40CA-AE26-4306EEEB3C98}"
EndProject
Project("{9A19103F-16F7-4668-BE54-9A1E7A4F7556}") = "Claims.Domain", "Services\Claims\Claims.Domain\Claims.Domain.csproj", "{3A6B8CF7-FC3A-4572-B29E-DDC1F6A47A67}"
EndProject
Project("{2150E333-8FDC-42A3-9474-1A3956D46DE8}") = "Claims", "Claims", "{BBEB43CC-1830-43B6-991D-D5882C2AAB2D}"
EndProject
Project("{9A19103F-16F7-4668-BE54-9A1E7A4F7556}") = "Claims.Infrastructure.Tests", "Services\Claims\Claims.Infrastructure.Tests\Claims.Infrastructure.Tests.csproj", "{9FC0EA91-44BD-4D23-8894-A394E3388E11}"
EndProject
Project("{9A19103F-16F7-4668-BE54-9A1E7A4F7556}") = "Claims.Infrastructure", "Services\Claims\Claims.Infrastructure\Claims.Infrastructure.csproj", "{8315F2B6-F128-4455-B083-396F31D867CE}"
EndProject
Project("{9A19103F-16F7-4668-BE54-9A1E7A4F7556}") = "Claims.Api", "Services\Claims\Claims.Api\Claims.Api.csproj", "{2721FBA2-F402-46BB-A0C1-DE424FBC252F}"
EndProject
Project("{9A19103F-16F7-4668-BE54-9A1E7A4F7556}") = "Shared.Utils", "Services\Shared\Shared.Utils\Shared.Utils.csproj", "{9C4692B8-97CA-4C02-A61B-FA42A3C56528}"
EndProject
Project("{9A19103F-16F7-4668-BE54-9A1E7A4F7556}") = "Benefits.Api", "Services\Benefits\Benefits.Api\Benefits.Api.csproj", "{64843835-0A90-4E04-A53F-3BB1F88CB2B3}"
EndProject
Project("{9A19103F-16F7-4668-BE54-9A1E7A4F7556}") = "Benefits.Domain", "Services\Benefits\Benefits.Domain\Benefits.Domain.csproj", "{B1FADE9A-916A-46FC-99EA-29755009EE67}"
EndProject
Project("{9A19103F-16F7-4668-BE54-9A1E7A4F7556}") = "Benefits.Infrastructure", "Services\Benefits\Benefits.Infrastructure\Benefits.Infrastructure.csproj", "{3244923B-0D64-48A4-B027-F3FE62A44381}"
EndProject
Global
	GlobalSection(SolutionConfigurationPlatforms) = preSolution
		Debug|Any CPU = Debug|Any CPU
		Docker|Any CPU = Docker|Any CPU
		Release|Any CPU = Release|Any CPU
	EndGlobalSection
	GlobalSection(ProjectConfigurationPlatforms) = postSolution
		{A0419523-9D49-4756-8F36-8E6836F1DC95}.Debug|Any CPU.ActiveCfg = Debug|Any CPU
		{A0419523-9D49-4756-8F36-8E6836F1DC95}.Debug|Any CPU.Build.0 = Debug|Any CPU
		{A0419523-9D49-4756-8F36-8E6836F1DC95}.Docker|Any CPU.ActiveCfg = Docker|Any CPU
		{A0419523-9D49-4756-8F36-8E6836F1DC95}.Docker|Any CPU.Build.0 = Docker|Any CPU
		{A0419523-9D49-4756-8F36-8E6836F1DC95}.Release|Any CPU.ActiveCfg = Release|Any CPU
		{A0419523-9D49-4756-8F36-8E6836F1DC95}.Release|Any CPU.Build.0 = Release|Any CPU
		{AC33433E-68D0-46C9-8F73-7A6FC180DD32}.Debug|Any CPU.ActiveCfg = Debug|Any CPU
		{AC33433E-68D0-46C9-8F73-7A6FC180DD32}.Debug|Any CPU.Build.0 = Debug|Any CPU
		{AC33433E-68D0-46C9-8F73-7A6FC180DD32}.Docker|Any CPU.ActiveCfg = Docker|Any CPU
		{AC33433E-68D0-46C9-8F73-7A6FC180DD32}.Docker|Any CPU.Build.0 = Docker|Any CPU
		{AC33433E-68D0-46C9-8F73-7A6FC180DD32}.Release|Any CPU.ActiveCfg = Release|Any CPU
		{AC33433E-68D0-46C9-8F73-7A6FC180DD32}.Release|Any CPU.Build.0 = Release|Any CPU
		{91B99618-5454-4AEA-84A0-5FB40A0C5267}.Debug|Any CPU.ActiveCfg = Debug|Any CPU
		{91B99618-5454-4AEA-84A0-5FB40A0C5267}.Debug|Any CPU.Build.0 = Debug|Any CPU
		{91B99618-5454-4AEA-84A0-5FB40A0C5267}.Docker|Any CPU.ActiveCfg = Debug|Any CPU
		{91B99618-5454-4AEA-84A0-5FB40A0C5267}.Docker|Any CPU.Build.0 = Debug|Any CPU
		{91B99618-5454-4AEA-84A0-5FB40A0C5267}.Release|Any CPU.ActiveCfg = Release|Any CPU
		{91B99618-5454-4AEA-84A0-5FB40A0C5267}.Release|Any CPU.Build.0 = Release|Any CPU
		{841F8DB6-3D9D-47E6-9D55-360C614C64D1}.Debug|Any CPU.ActiveCfg = Debug|Any CPU
		{841F8DB6-3D9D-47E6-9D55-360C614C64D1}.Debug|Any CPU.Build.0 = Debug|Any CPU
		{841F8DB6-3D9D-47E6-9D55-360C614C64D1}.Docker|Any CPU.ActiveCfg = Debug|Any CPU
		{841F8DB6-3D9D-47E6-9D55-360C614C64D1}.Docker|Any CPU.Build.0 = Debug|Any CPU
		{841F8DB6-3D9D-47E6-9D55-360C614C64D1}.Release|Any CPU.ActiveCfg = Release|Any CPU
		{841F8DB6-3D9D-47E6-9D55-360C614C64D1}.Release|Any CPU.Build.0 = Release|Any CPU
		{853E7BB9-3F87-47CB-B38F-20240481EF45}.Debug|Any CPU.ActiveCfg = Debug|Any CPU
		{853E7BB9-3F87-47CB-B38F-20240481EF45}.Debug|Any CPU.Build.0 = Debug|Any CPU
		{853E7BB9-3F87-47CB-B38F-20240481EF45}.Docker|Any CPU.ActiveCfg = Debug|Any CPU
		{853E7BB9-3F87-47CB-B38F-20240481EF45}.Docker|Any CPU.Build.0 = Debug|Any CPU
		{853E7BB9-3F87-47CB-B38F-20240481EF45}.Release|Any CPU.ActiveCfg = Release|Any CPU
		{853E7BB9-3F87-47CB-B38F-20240481EF45}.Release|Any CPU.Build.0 = Release|Any CPU
		{534298B0-7795-4077-8F9E-0E8121743264}.Debug|Any CPU.ActiveCfg = Debug|Any CPU
		{534298B0-7795-4077-8F9E-0E8121743264}.Debug|Any CPU.Build.0 = Debug|Any CPU
		{534298B0-7795-4077-8F9E-0E8121743264}.Docker|Any CPU.ActiveCfg = Debug|Any CPU
		{534298B0-7795-4077-8F9E-0E8121743264}.Docker|Any CPU.Build.0 = Debug|Any CPU
		{534298B0-7795-4077-8F9E-0E8121743264}.Release|Any CPU.ActiveCfg = Release|Any CPU
		{534298B0-7795-4077-8F9E-0E8121743264}.Release|Any CPU.Build.0 = Release|Any CPU
		{B3D4E4EC-EA63-4227-B488-F68CE1C21AF0}.Debug|Any CPU.ActiveCfg = Debug|Any CPU
		{B3D4E4EC-EA63-4227-B488-F68CE1C21AF0}.Debug|Any CPU.Build.0 = Debug|Any CPU
		{B3D4E4EC-EA63-4227-B488-F68CE1C21AF0}.Docker|Any CPU.ActiveCfg = Debug|Any CPU
		{B3D4E4EC-EA63-4227-B488-F68CE1C21AF0}.Docker|Any CPU.Build.0 = Debug|Any CPU
		{B3D4E4EC-EA63-4227-B488-F68CE1C21AF0}.Release|Any CPU.ActiveCfg = Release|Any CPU
		{B3D4E4EC-EA63-4227-B488-F68CE1C21AF0}.Release|Any CPU.Build.0 = Release|Any CPU
		{D798BFEA-EB99-4BA5-B8AC-06292B6F1893}.Debug|Any CPU.ActiveCfg = Debug|Any CPU
		{D798BFEA-EB99-4BA5-B8AC-06292B6F1893}.Debug|Any CPU.Build.0 = Debug|Any CPU
		{D798BFEA-EB99-4BA5-B8AC-06292B6F1893}.Docker|Any CPU.ActiveCfg = Debug|Any CPU
		{D798BFEA-EB99-4BA5-B8AC-06292B6F1893}.Docker|Any CPU.Build.0 = Debug|Any CPU
		{D798BFEA-EB99-4BA5-B8AC-06292B6F1893}.Release|Any CPU.ActiveCfg = Release|Any CPU
		{D798BFEA-EB99-4BA5-B8AC-06292B6F1893}.Release|Any CPU.Build.0 = Release|Any CPU
		{C9C6D4F8-4B0A-4EED-A7B5-4864F14FE7B3}.Debug|Any CPU.ActiveCfg = Debug|Any CPU
		{C9C6D4F8-4B0A-4EED-A7B5-4864F14FE7B3}.Debug|Any CPU.Build.0 = Debug|Any CPU
		{C9C6D4F8-4B0A-4EED-A7B5-4864F14FE7B3}.Docker|Any CPU.ActiveCfg = Debug|Any CPU
		{C9C6D4F8-4B0A-4EED-A7B5-4864F14FE7B3}.Docker|Any CPU.Build.0 = Debug|Any CPU
		{C9C6D4F8-4B0A-4EED-A7B5-4864F14FE7B3}.Release|Any CPU.ActiveCfg = Release|Any CPU
		{C9C6D4F8-4B0A-4EED-A7B5-4864F14FE7B3}.Release|Any CPU.Build.0 = Release|Any CPU
		{4F9E80D3-5EFB-4993-A5F4-518C129CEF49}.Debug|Any CPU.ActiveCfg = Debug|Any CPU
		{4F9E80D3-5EFB-4993-A5F4-518C129CEF49}.Debug|Any CPU.Build.0 = Debug|Any CPU
		{4F9E80D3-5EFB-4993-A5F4-518C129CEF49}.Docker|Any CPU.ActiveCfg = Debug|Any CPU
		{4F9E80D3-5EFB-4993-A5F4-518C129CEF49}.Docker|Any CPU.Build.0 = Debug|Any CPU
		{4F9E80D3-5EFB-4993-A5F4-518C129CEF49}.Release|Any CPU.ActiveCfg = Release|Any CPU
		{4F9E80D3-5EFB-4993-A5F4-518C129CEF49}.Release|Any CPU.Build.0 = Release|Any CPU
		{DC39589F-934D-42FB-8F37-36A7210CF5FB}.Debug|Any CPU.ActiveCfg = Debug|Any CPU
		{DC39589F-934D-42FB-8F37-36A7210CF5FB}.Debug|Any CPU.Build.0 = Debug|Any CPU
		{DC39589F-934D-42FB-8F37-36A7210CF5FB}.Docker|Any CPU.ActiveCfg = Debug|Any CPU
		{DC39589F-934D-42FB-8F37-36A7210CF5FB}.Docker|Any CPU.Build.0 = Debug|Any CPU
		{DC39589F-934D-42FB-8F37-36A7210CF5FB}.Release|Any CPU.ActiveCfg = Release|Any CPU
		{DC39589F-934D-42FB-8F37-36A7210CF5FB}.Release|Any CPU.Build.0 = Release|Any CPU
		{F6F814B5-17D7-4FB8-A9A2-0EAB4DDE53BD}.Debug|Any CPU.ActiveCfg = Debug|Any CPU
		{F6F814B5-17D7-4FB8-A9A2-0EAB4DDE53BD}.Debug|Any CPU.Build.0 = Debug|Any CPU
		{F6F814B5-17D7-4FB8-A9A2-0EAB4DDE53BD}.Docker|Any CPU.ActiveCfg = Debug|Any CPU
		{F6F814B5-17D7-4FB8-A9A2-0EAB4DDE53BD}.Docker|Any CPU.Build.0 = Debug|Any CPU
		{F6F814B5-17D7-4FB8-A9A2-0EAB4DDE53BD}.Release|Any CPU.ActiveCfg = Release|Any CPU
		{F6F814B5-17D7-4FB8-A9A2-0EAB4DDE53BD}.Release|Any CPU.Build.0 = Release|Any CPU
		{4A98C0E9-6196-4392-BA57-E30E96B18251}.Debug|Any CPU.ActiveCfg = Debug|Any CPU
		{4A98C0E9-6196-4392-BA57-E30E96B18251}.Debug|Any CPU.Build.0 = Debug|Any CPU
		{4A98C0E9-6196-4392-BA57-E30E96B18251}.Docker|Any CPU.ActiveCfg = Debug|Any CPU
		{4A98C0E9-6196-4392-BA57-E30E96B18251}.Docker|Any CPU.Build.0 = Debug|Any CPU
		{4A98C0E9-6196-4392-BA57-E30E96B18251}.Release|Any CPU.ActiveCfg = Release|Any CPU
		{4A98C0E9-6196-4392-BA57-E30E96B18251}.Release|Any CPU.Build.0 = Release|Any CPU
		{C06AEBC9-851F-4AC7-A0F0-CE886E6BF25D}.Debug|Any CPU.ActiveCfg = Debug|Any CPU
		{C06AEBC9-851F-4AC7-A0F0-CE886E6BF25D}.Debug|Any CPU.Build.0 = Debug|Any CPU
		{C06AEBC9-851F-4AC7-A0F0-CE886E6BF25D}.Docker|Any CPU.ActiveCfg = Debug|Any CPU
		{C06AEBC9-851F-4AC7-A0F0-CE886E6BF25D}.Docker|Any CPU.Build.0 = Debug|Any CPU
		{C06AEBC9-851F-4AC7-A0F0-CE886E6BF25D}.Release|Any CPU.ActiveCfg = Release|Any CPU
		{C06AEBC9-851F-4AC7-A0F0-CE886E6BF25D}.Release|Any CPU.Build.0 = Release|Any CPU
		{EE6ABD42-C846-4F2F-9412-FA3E1F85836B}.Debug|Any CPU.ActiveCfg = Debug|Any CPU
		{EE6ABD42-C846-4F2F-9412-FA3E1F85836B}.Debug|Any CPU.Build.0 = Debug|Any CPU
		{EE6ABD42-C846-4F2F-9412-FA3E1F85836B}.Docker|Any CPU.ActiveCfg = Debug|Any CPU
		{EE6ABD42-C846-4F2F-9412-FA3E1F85836B}.Docker|Any CPU.Build.0 = Debug|Any CPU
		{EE6ABD42-C846-4F2F-9412-FA3E1F85836B}.Release|Any CPU.ActiveCfg = Release|Any CPU
		{EE6ABD42-C846-4F2F-9412-FA3E1F85836B}.Release|Any CPU.Build.0 = Release|Any CPU
		{9C04E287-9E6E-4B88-8AAB-10A57A84752A}.Debug|Any CPU.ActiveCfg = Debug|Any CPU
		{9C04E287-9E6E-4B88-8AAB-10A57A84752A}.Debug|Any CPU.Build.0 = Debug|Any CPU
		{9C04E287-9E6E-4B88-8AAB-10A57A84752A}.Docker|Any CPU.ActiveCfg = Debug|Any CPU
		{9C04E287-9E6E-4B88-8AAB-10A57A84752A}.Docker|Any CPU.Build.0 = Debug|Any CPU
		{9C04E287-9E6E-4B88-8AAB-10A57A84752A}.Release|Any CPU.ActiveCfg = Release|Any CPU
		{9C04E287-9E6E-4B88-8AAB-10A57A84752A}.Release|Any CPU.Build.0 = Release|Any CPU
		{10733C1A-18EE-4135-AF57-E40D90F8C202}.Debug|Any CPU.ActiveCfg = Debug|Any CPU
		{10733C1A-18EE-4135-AF57-E40D90F8C202}.Debug|Any CPU.Build.0 = Debug|Any CPU
		{10733C1A-18EE-4135-AF57-E40D90F8C202}.Docker|Any CPU.ActiveCfg = Debug|Any CPU
		{10733C1A-18EE-4135-AF57-E40D90F8C202}.Docker|Any CPU.Build.0 = Debug|Any CPU
		{10733C1A-18EE-4135-AF57-E40D90F8C202}.Release|Any CPU.ActiveCfg = Release|Any CPU
		{10733C1A-18EE-4135-AF57-E40D90F8C202}.Release|Any CPU.Build.0 = Release|Any CPU
		{24C872FD-C48B-4D68-82A0-0A1DBF89381B}.Debug|Any CPU.ActiveCfg = Debug|Any CPU
		{24C872FD-C48B-4D68-82A0-0A1DBF89381B}.Debug|Any CPU.Build.0 = Debug|Any CPU
		{24C872FD-C48B-4D68-82A0-0A1DBF89381B}.Docker|Any CPU.ActiveCfg = Debug|Any CPU
		{24C872FD-C48B-4D68-82A0-0A1DBF89381B}.Docker|Any CPU.Build.0 = Debug|Any CPU
		{24C872FD-C48B-4D68-82A0-0A1DBF89381B}.Release|Any CPU.ActiveCfg = Release|Any CPU
		{24C872FD-C48B-4D68-82A0-0A1DBF89381B}.Release|Any CPU.Build.0 = Release|Any CPU
		{0B7DC45C-B270-40CA-AE26-4306EEEB3C98}.Debug|Any CPU.ActiveCfg = Debug|Any CPU
		{0B7DC45C-B270-40CA-AE26-4306EEEB3C98}.Debug|Any CPU.Build.0 = Debug|Any CPU
		{0B7DC45C-B270-40CA-AE26-4306EEEB3C98}.Docker|Any CPU.ActiveCfg = Debug|Any CPU
		{0B7DC45C-B270-40CA-AE26-4306EEEB3C98}.Docker|Any CPU.Build.0 = Debug|Any CPU
		{0B7DC45C-B270-40CA-AE26-4306EEEB3C98}.Release|Any CPU.ActiveCfg = Release|Any CPU
		{0B7DC45C-B270-40CA-AE26-4306EEEB3C98}.Release|Any CPU.Build.0 = Release|Any CPU
		{3A6B8CF7-FC3A-4572-B29E-DDC1F6A47A67}.Debug|Any CPU.ActiveCfg = Debug|Any CPU
		{3A6B8CF7-FC3A-4572-B29E-DDC1F6A47A67}.Debug|Any CPU.Build.0 = Debug|Any CPU
		{3A6B8CF7-FC3A-4572-B29E-DDC1F6A47A67}.Docker|Any CPU.ActiveCfg = Debug|Any CPU
		{3A6B8CF7-FC3A-4572-B29E-DDC1F6A47A67}.Docker|Any CPU.Build.0 = Debug|Any CPU
		{3A6B8CF7-FC3A-4572-B29E-DDC1F6A47A67}.Release|Any CPU.ActiveCfg = Release|Any CPU
		{3A6B8CF7-FC3A-4572-B29E-DDC1F6A47A67}.Release|Any CPU.Build.0 = Release|Any CPU
		{9FC0EA91-44BD-4D23-8894-A394E3388E11}.Debug|Any CPU.ActiveCfg = Debug|Any CPU
		{9FC0EA91-44BD-4D23-8894-A394E3388E11}.Debug|Any CPU.Build.0 = Debug|Any CPU
		{9FC0EA91-44BD-4D23-8894-A394E3388E11}.Docker|Any CPU.ActiveCfg = Debug|Any CPU
		{9FC0EA91-44BD-4D23-8894-A394E3388E11}.Docker|Any CPU.Build.0 = Debug|Any CPU
		{9FC0EA91-44BD-4D23-8894-A394E3388E11}.Release|Any CPU.ActiveCfg = Release|Any CPU
		{9FC0EA91-44BD-4D23-8894-A394E3388E11}.Release|Any CPU.Build.0 = Release|Any CPU
		{8315F2B6-F128-4455-B083-396F31D867CE}.Debug|Any CPU.ActiveCfg = Debug|Any CPU
		{8315F2B6-F128-4455-B083-396F31D867CE}.Debug|Any CPU.Build.0 = Debug|Any CPU
		{8315F2B6-F128-4455-B083-396F31D867CE}.Docker|Any CPU.ActiveCfg = Debug|Any CPU
		{8315F2B6-F128-4455-B083-396F31D867CE}.Docker|Any CPU.Build.0 = Debug|Any CPU
		{8315F2B6-F128-4455-B083-396F31D867CE}.Release|Any CPU.ActiveCfg = Release|Any CPU
		{8315F2B6-F128-4455-B083-396F31D867CE}.Release|Any CPU.Build.0 = Release|Any CPU
		{2721FBA2-F402-46BB-A0C1-DE424FBC252F}.Debug|Any CPU.ActiveCfg = Debug|Any CPU
		{2721FBA2-F402-46BB-A0C1-DE424FBC252F}.Debug|Any CPU.Build.0 = Debug|Any CPU
		{2721FBA2-F402-46BB-A0C1-DE424FBC252F}.Docker|Any CPU.ActiveCfg = Debug|Any CPU
		{2721FBA2-F402-46BB-A0C1-DE424FBC252F}.Docker|Any CPU.Build.0 = Debug|Any CPU
		{2721FBA2-F402-46BB-A0C1-DE424FBC252F}.Release|Any CPU.ActiveCfg = Release|Any CPU
		{2721FBA2-F402-46BB-A0C1-DE424FBC252F}.Release|Any CPU.Build.0 = Release|Any CPU
		{9C4692B8-97CA-4C02-A61B-FA42A3C56528}.Debug|Any CPU.ActiveCfg = Debug|Any CPU
		{9C4692B8-97CA-4C02-A61B-FA42A3C56528}.Debug|Any CPU.Build.0 = Debug|Any CPU
		{9C4692B8-97CA-4C02-A61B-FA42A3C56528}.Docker|Any CPU.ActiveCfg = Debug|Any CPU
		{9C4692B8-97CA-4C02-A61B-FA42A3C56528}.Docker|Any CPU.Build.0 = Debug|Any CPU
		{9C4692B8-97CA-4C02-A61B-FA42A3C56528}.Release|Any CPU.ActiveCfg = Release|Any CPU
		{9C4692B8-97CA-4C02-A61B-FA42A3C56528}.Release|Any CPU.Build.0 = Release|Any CPU
		{64843835-0A90-4E04-A53F-3BB1F88CB2B3}.Debug|Any CPU.ActiveCfg = Debug|Any CPU
		{64843835-0A90-4E04-A53F-3BB1F88CB2B3}.Debug|Any CPU.Build.0 = Debug|Any CPU
		{64843835-0A90-4E04-A53F-3BB1F88CB2B3}.Docker|Any CPU.ActiveCfg = Debug|Any CPU
		{64843835-0A90-4E04-A53F-3BB1F88CB2B3}.Docker|Any CPU.Build.0 = Debug|Any CPU
		{64843835-0A90-4E04-A53F-3BB1F88CB2B3}.Release|Any CPU.ActiveCfg = Release|Any CPU
		{64843835-0A90-4E04-A53F-3BB1F88CB2B3}.Release|Any CPU.Build.0 = Release|Any CPU
		{B1FADE9A-916A-46FC-99EA-29755009EE67}.Debug|Any CPU.ActiveCfg = Debug|Any CPU
		{B1FADE9A-916A-46FC-99EA-29755009EE67}.Debug|Any CPU.Build.0 = Debug|Any CPU
		{B1FADE9A-916A-46FC-99EA-29755009EE67}.Docker|Any CPU.ActiveCfg = Debug|Any CPU
		{B1FADE9A-916A-46FC-99EA-29755009EE67}.Docker|Any CPU.Build.0 = Debug|Any CPU
		{B1FADE9A-916A-46FC-99EA-29755009EE67}.Release|Any CPU.ActiveCfg = Release|Any CPU
		{B1FADE9A-916A-46FC-99EA-29755009EE67}.Release|Any CPU.Build.0 = Release|Any CPU
		{3244923B-0D64-48A4-B027-F3FE62A44381}.Debug|Any CPU.ActiveCfg = Debug|Any CPU
		{3244923B-0D64-48A4-B027-F3FE62A44381}.Debug|Any CPU.Build.0 = Debug|Any CPU
		{3244923B-0D64-48A4-B027-F3FE62A44381}.Docker|Any CPU.ActiveCfg = Debug|Any CPU
		{3244923B-0D64-48A4-B027-F3FE62A44381}.Docker|Any CPU.Build.0 = Debug|Any CPU
		{3244923B-0D64-48A4-B027-F3FE62A44381}.Release|Any CPU.ActiveCfg = Release|Any CPU
		{3244923B-0D64-48A4-B027-F3FE62A44381}.Release|Any CPU.Build.0 = Release|Any CPU
	EndGlobalSection
	GlobalSection(SolutionProperties) = preSolution
		HideSolutionNode = FALSE
	EndGlobalSection
	GlobalSection(NestedProjects) = preSolution
		{B60815B6-D5B9-4173-A57C-E6D12D5D5E10} = {222030CB-76AD-4A71-BD74-7AF96A390CC8}
		{E32CB6BE-4AC7-496A-AC74-C318712B385A} = {222030CB-76AD-4A71-BD74-7AF96A390CC8}
		{A0419523-9D49-4756-8F36-8E6836F1DC95} = {A5240082-5877-4F74-A1FB-96E4FA0B3174}
		{AD9A17D1-426F-48D2-9C6C-3AE5ECAD3AA2} = {222030CB-76AD-4A71-BD74-7AF96A390CC8}
		{AC33433E-68D0-46C9-8F73-7A6FC180DD32} = {AD9A17D1-426F-48D2-9C6C-3AE5ECAD3AA2}
		{4263E677-ECBF-49D3-B436-05F9001E2BD0} = {222030CB-76AD-4A71-BD74-7AF96A390CC8}
		{91B99618-5454-4AEA-84A0-5FB40A0C5267} = {4263E677-ECBF-49D3-B436-05F9001E2BD0}
		{841F8DB6-3D9D-47E6-9D55-360C614C64D1} = {4263E677-ECBF-49D3-B436-05F9001E2BD0}
		{853E7BB9-3F87-47CB-B38F-20240481EF45} = {4263E677-ECBF-49D3-B436-05F9001E2BD0}
		{1DAC0B94-7E2F-46F3-A5D2-4D8797A4B725} = {222030CB-76AD-4A71-BD74-7AF96A390CC8}
		{534298B0-7795-4077-8F9E-0E8121743264} = {1DAC0B94-7E2F-46F3-A5D2-4D8797A4B725}
		{B3D4E4EC-EA63-4227-B488-F68CE1C21AF0} = {1DAC0B94-7E2F-46F3-A5D2-4D8797A4B725}
		{D798BFEA-EB99-4BA5-B8AC-06292B6F1893} = {1DAC0B94-7E2F-46F3-A5D2-4D8797A4B725}
		{C9C6D4F8-4B0A-4EED-A7B5-4864F14FE7B3} = {1DAC0B94-7E2F-46F3-A5D2-4D8797A4B725}
		{4F9E80D3-5EFB-4993-A5F4-518C129CEF49} = {1DAC0B94-7E2F-46F3-A5D2-4D8797A4B725}
		{DC39589F-934D-42FB-8F37-36A7210CF5FB} = {4263E677-ECBF-49D3-B436-05F9001E2BD0}
		{F6F814B5-17D7-4FB8-A9A2-0EAB4DDE53BD} = {4263E677-ECBF-49D3-B436-05F9001E2BD0}
		{4A98C0E9-6196-4392-BA57-E30E96B18251} = {E32CB6BE-4AC7-496A-AC74-C318712B385A}
		{C06AEBC9-851F-4AC7-A0F0-CE886E6BF25D} = {E32CB6BE-4AC7-496A-AC74-C318712B385A}
		{EE6ABD42-C846-4F2F-9412-FA3E1F85836B} = {E32CB6BE-4AC7-496A-AC74-C318712B385A}
		{9C04E287-9E6E-4B88-8AAB-10A57A84752A} = {E32CB6BE-4AC7-496A-AC74-C318712B385A}
		{10733C1A-18EE-4135-AF57-E40D90F8C202} = {E32CB6BE-4AC7-496A-AC74-C318712B385A}
		{24C872FD-C48B-4D68-82A0-0A1DBF89381B} = {1DAC0B94-7E2F-46F3-A5D2-4D8797A4B725}
		{0B7DC45C-B270-40CA-AE26-4306EEEB3C98} = {B60815B6-D5B9-4173-A57C-E6D12D5D5E10}
		{3A6B8CF7-FC3A-4572-B29E-DDC1F6A47A67} = {BBEB43CC-1830-43B6-991D-D5882C2AAB2D}
		{BBEB43CC-1830-43B6-991D-D5882C2AAB2D} = {222030CB-76AD-4A71-BD74-7AF96A390CC8}
		{9FC0EA91-44BD-4D23-8894-A394E3388E11} = {BBEB43CC-1830-43B6-991D-D5882C2AAB2D}
		{8315F2B6-F128-4455-B083-396F31D867CE} = {BBEB43CC-1830-43B6-991D-D5882C2AAB2D}
		{2721FBA2-F402-46BB-A0C1-DE424FBC252F} = {BBEB43CC-1830-43B6-991D-D5882C2AAB2D}
		{9C4692B8-97CA-4C02-A61B-FA42A3C56528} = {AD9A17D1-426F-48D2-9C6C-3AE5ECAD3AA2}
		{64843835-0A90-4E04-A53F-3BB1F88CB2B3} = {B60815B6-D5B9-4173-A57C-E6D12D5D5E10}
		{B1FADE9A-916A-46FC-99EA-29755009EE67} = {B60815B6-D5B9-4173-A57C-E6D12D5D5E10}
		{3244923B-0D64-48A4-B027-F3FE62A44381} = {B60815B6-D5B9-4173-A57C-E6D12D5D5E10}
	EndGlobalSection
	GlobalSection(ExtensibilityGlobals) = postSolution
		SolutionGuid = {87FA0500-9AD0-4451-BDD6-BF79732ECF13}
	EndGlobalSection
EndGlobal
